github.com/creachadair/jrpc2 v1.3.2 h1:27pDXBLe19ck2WQvW+ywnFdzZwZzdTbcQ8Yct1LYiRc=
github.com/creachadair/jrpc2 v1.3.2/go.mod h1:npYsgDnV5iDpSCVcD3iUGig5WVYY3vn0bZNYWGbgFWw=
github.com/creachadair/mds v0.25.1 h1:YSjVNf3aFitfoC7pg99HGBMudC8omA1d9WFrcScldzg=
github.com/creachadair/mds v0.25.1/go.mod h1:+s4CFteFRj4eq2KcGHW8Wei3u9NyzSPzNV32EvjyK/Q=
github.com/ybbus/jsonrpc/v3 v3.1.6 h1:Yn2dNOZ3xVdOVxq9d4GaH2pxjjei27C+vU6H+E7hfAw=
github.com/ybbus/jsonrpc/v3 v3.1.6/go.mod h1:U1QbyNfL5Pvi2roT0OpRbJeyvGxfWYSgKJHjxWdAEeE=
golang.org/x/sync v0.15.0 h1:KWH3jNZsfyT6xfAfKiz6MRNmd46ByHDYaZ7KSkCtdW8=
golang.org/x/sync v0.15.0/go.mod h1:1dzgHSNfp02xaA81J2MS99Qcpr2w7fw1gpm99rleRqA=
